// !$*UTF8*$!
{
	archiveVersion = 1;
	classes = {
	};
	objectVersion = 56;
	objects = {

/* Begin PBXBuildFile section */
		DD0DB85429CAECB500072878 /* FoodListMainTableViewCell.swift in Sources */ = {isa = PBXBuildFile; fileRef = DD0DB85329CAECB500072878 /* FoodListMainTableViewCell.swift */; };
		DD0DB85629CAEDF100072878 /* FoodListCreatButtonTableViewCell.swift in Sources */ = {isa = PBXBuildFile; fileRef = DD0DB85529CAEDF100072878 /* FoodListCreatButtonTableViewCell.swift */; };
		DD0DB85829CAEE9E00072878 /* FoodListContentsTableViewCell.swift in Sources */ = {isa = PBXBuildFile; fileRef = DD0DB85729CAEE9E00072878 /* FoodListContentsTableViewCell.swift */; };
		DD0DB85A29CAFB6A00072878 /* FoodListFirstTableViewCell.swift in Sources */ = {isa = PBXBuildFile; fileRef = DD0DB85929CAFB6A00072878 /* FoodListFirstTableViewCell.swift */; };
		DD14050B29BB1B7500FCBFEC /* FoodSelectViewController.swift in Sources */ = {isa = PBXBuildFile; fileRef = DD14050A29BB1B7500FCBFEC /* FoodSelectViewController.swift */; };
		DD6F1CDB29BB055800CDAD54 /* Country.swift in Sources */ = {isa = PBXBuildFile; fileRef = DD6F1CDA29BB055800CDAD54 /* Country.swift */; };
		DD6F1CDD29BB05FB00CDAD54 /* NumberOfPeople.swift in Sources */ = {isa = PBXBuildFile; fileRef = DD6F1CDC29BB05FB00CDAD54 /* NumberOfPeople.swift */; };
		DD6F1CDF29BB061300CDAD54 /* Category.swift in Sources */ = {isa = PBXBuildFile; fileRef = DD6F1CDE29BB061300CDAD54 /* Category.swift */; };
		DD6F1CE129BB063200CDAD54 /* Food.swift in Sources */ = {isa = PBXBuildFile; fileRef = DD6F1CE029BB063200CDAD54 /* Food.swift */; };
		DD6F1CE329BB0E6E00CDAD54 /* MainViewController.swift in Sources */ = {isa = PBXBuildFile; fileRef = DD6F1CE229BB0E6E00CDAD54 /* MainViewController.swift */; };
		DD6F1CE529BB0FAD00CDAD54 /* FoodListViewController.swift in Sources */ = {isa = PBXBuildFile; fileRef = DD6F1CE429BB0FAD00CDAD54 /* FoodListViewController.swift */; };
		DD6F1CE929BB148300CDAD54 /* MakeFoodListViewController.swift in Sources */ = {isa = PBXBuildFile; fileRef = DD6F1CE829BB148300CDAD54 /* MakeFoodListViewController.swift */; };
		DD927C7C29B0993200467EE9 /* AppDelegate.swift in Sources */ = {isa = PBXBuildFile; fileRef = DD927C7B29B0993200467EE9 /* AppDelegate.swift */; };
		DD927C7E29B0993200467EE9 /* SceneDelegate.swift in Sources */ = {isa = PBXBuildFile; fileRef = DD927C7D29B0993200467EE9 /* SceneDelegate.swift */; };
		DD927C8029B0993200467EE9 /* FoodViewController.swift in Sources */ = {isa = PBXBuildFile; fileRef = DD927C7F29B0993200467EE9 /* FoodViewController.swift */; };
		DD927C8329B0993200467EE9 /* Main.storyboard in Resources */ = {isa = PBXBuildFile; fileRef = DD927C8129B0993200467EE9 /* Main.storyboard */; };
		DD927C8529B0993400467EE9 /* Assets.xcassets in Resources */ = {isa = PBXBuildFile; fileRef = DD927C8429B0993400467EE9 /* Assets.xcassets */; };
		DD927C8829B0993400467EE9 /* LaunchScreen.storyboard in Resources */ = {isa = PBXBuildFile; fileRef = DD927C8629B0993400467EE9 /* LaunchScreen.storyboard */; };
		DDC4A08F29BF381000E5C973 /* MenuRecommendationViewController.swift in Sources */ = {isa = PBXBuildFile; fileRef = DDC4A08E29BF381000E5C973 /* MenuRecommendationViewController.swift */; };
		DDC4A09229BF409F00E5C973 /* ThirdViewTableViewCell.swift in Sources */ = {isa = PBXBuildFile; fileRef = DDC4A09129BF409F00E5C973 /* ThirdViewTableViewCell.swift */; };
		DDC4A09429BF51AA00E5C973 /* MainTabBarController.swift in Sources */ = {isa = PBXBuildFile; fileRef = DDC4A09329BF51AA00E5C973 /* MainTabBarController.swift */; };
		DDC4A09629C025AF00E5C973 /* RandomMenuButton.swift in Sources */ = {isa = PBXBuildFile; fileRef = DDC4A09529C025AF00E5C973 /* RandomMenuButton.swift */; };
		DDF458FD29B8B89900F3A29E /* FoodList.swift in Sources */ = {isa = PBXBuildFile; fileRef = DDF458FC29B8B89900F3A29E /* FoodList.swift */; };
		DDF458FF29B8BE1E00F3A29E /* CustomTableViewCell.swift in Sources */ = {isa = PBXBuildFile; fileRef = DDF458FE29B8BE1E00F3A29E /* CustomTableViewCell.swift */; };
/* End PBXBuildFile section */

/* Begin PBXFileReference section */
		DD0DB85329CAECB500072878 /* FoodListMainTableViewCell.swift */ = {isa = PBXFileReference; lastKnownFileType = sourcecode.swift; path = FoodListMainTableViewCell.swift; sourceTree = "<group>"; };
		DD0DB85529CAEDF100072878 /* FoodListCreatButtonTableViewCell.swift */ = {isa = PBXFileReference; lastKnownFileType = sourcecode.swift; path = FoodListCreatButtonTableViewCell.swift; sourceTree = "<group>"; };
		DD0DB85729CAEE9E00072878 /* FoodListContentsTableViewCell.swift */ = {isa = PBXFileReference; lastKnownFileType = sourcecode.swift; path = FoodListContentsTableViewCell.swift; sourceTree = "<group>"; };
		DD0DB85929CAFB6A00072878 /* FoodListFirstTableViewCell.swift */ = {isa = PBXFileReference; lastKnownFileType = sourcecode.swift; path = FoodListFirstTableViewCell.swift; sourceTree = "<group>"; };
		DD14050A29BB1B7500FCBFEC /* FoodSelectViewController.swift */ = {isa = PBXFileReference; lastKnownFileType = sourcecode.swift; path = FoodSelectViewController.swift; sourceTree = "<group>"; };
		DD6F1CDA29BB055800CDAD54 /* Country.swift */ = {isa = PBXFileReference; lastKnownFileType = sourcecode.swift; path = Country.swift; sourceTree = "<group>"; };
		DD6F1CDC29BB05FB00CDAD54 /* NumberOfPeople.swift */ = {isa = PBXFileReference; lastKnownFileType = sourcecode.swift; path = NumberOfPeople.swift; sourceTree = "<group>"; };
		DD6F1CDE29BB061300CDAD54 /* Category.swift */ = {isa = PBXFileReference; lastKnownFileType = sourcecode.swift; path = Category.swift; sourceTree = "<group>"; };
		DD6F1CE029BB063200CDAD54 /* Food.swift */ = {isa = PBXFileReference; lastKnownFileType = sourcecode.swift; path = Food.swift; sourceTree = "<group>"; };
		DD6F1CE229BB0E6E00CDAD54 /* MainViewController.swift */ = {isa = PBXFileReference; lastKnownFileType = sourcecode.swift; path = MainViewController.swift; sourceTree = "<group>"; };
		DD6F1CE429BB0FAD00CDAD54 /* FoodListViewController.swift */ = {isa = PBXFileReference; lastKnownFileType = sourcecode.swift; path = FoodListViewController.swift; sourceTree = "<group>"; };
		DD6F1CE829BB148300CDAD54 /* MakeFoodListViewController.swift */ = {isa = PBXFileReference; lastKnownFileType = sourcecode.swift; path = MakeFoodListViewController.swift; sourceTree = "<group>"; };
		DD927C7829B0993200467EE9 /* PersonalPojectExample.app */ = {isa = PBXFileReference; explicitFileType = wrapper.application; includeInIndex = 0; path = PersonalPojectExample.app; sourceTree = BUILT_PRODUCTS_DIR; };
		DD927C7B29B0993200467EE9 /* AppDelegate.swift */ = {isa = PBXFileReference; lastKnownFileType = sourcecode.swift; path = AppDelegate.swift; sourceTree = "<group>"; };
		DD927C7D29B0993200467EE9 /* SceneDelegate.swift */ = {isa = PBXFileReference; lastKnownFileType = sourcecode.swift; path = SceneDelegate.swift; sourceTree = "<group>"; };
		DD927C7F29B0993200467EE9 /* FoodViewController.swift */ = {isa = PBXFileReference; lastKnownFileType = sourcecode.swift; path = FoodViewController.swift; sourceTree = "<group>"; };
		DD927C8229B0993200467EE9 /* Base */ = {isa = PBXFileReference; lastKnownFileType = file.storyboard; name = Base; path = Base.lproj/Main.storyboard; sourceTree = "<group>"; };
		DD927C8429B0993400467EE9 /* Assets.xcassets */ = {isa = PBXFileReference; lastKnownFileType = folder.assetcatalog; path = Assets.xcassets; sourceTree = "<group>"; };
		DD927C8729B0993400467EE9 /* Base */ = {isa = PBXFileReference; lastKnownFileType = file.storyboard; name = Base; path = Base.lproj/LaunchScreen.storyboard; sourceTree = "<group>"; };
		DD927C8929B0993400467EE9 /* Info.plist */ = {isa = PBXFileReference; lastKnownFileType = text.plist.xml; path = Info.plist; sourceTree = "<group>"; };
		DDC4A08E29BF381000E5C973 /* MenuRecommendationViewController.swift */ = {isa = PBXFileReference; lastKnownFileType = sourcecode.swift; path = MenuRecommendationViewController.swift; sourceTree = "<group>"; };
		DDC4A09129BF409F00E5C973 /* ThirdViewTableViewCell.swift */ = {isa = PBXFileReference; lastKnownFileType = sourcecode.swift; path = ThirdViewTableViewCell.swift; sourceTree = "<group>"; };
		DDC4A09329BF51AA00E5C973 /* MainTabBarController.swift */ = {isa = PBXFileReference; lastKnownFileType = sourcecode.swift; path = MainTabBarController.swift; sourceTree = "<group>"; };
		DDC4A09529C025AF00E5C973 /* RandomMenuButton.swift */ = {isa = PBXFileReference; lastKnownFileType = sourcecode.swift; path = RandomMenuButton.swift; sourceTree = "<group>"; };
		DDF458FC29B8B89900F3A29E /* FoodList.swift */ = {isa = PBXFileReference; lastKnownFileType = sourcecode.swift; path = FoodList.swift; sourceTree = "<group>"; };
		DDF458FE29B8BE1E00F3A29E /* CustomTableViewCell.swift */ = {isa = PBXFileReference; lastKnownFileType = sourcecode.swift; path = CustomTableViewCell.swift; sourceTree = "<group>"; };
/* End PBXFileReference section */

/* Begin PBXFrameworksBuildPhase section */
		DD927C7529B0993200467EE9 /* Frameworks */ = {
			isa = PBXFrameworksBuildPhase;
			buildActionMask = 2147483647;
			files = (
			);
			runOnlyForDeploymentPostprocessing = 0;
		};
/* End PBXFrameworksBuildPhase section */

/* Begin PBXGroup section */
		DD14059F29BF055C00FCBFEC /* Cell */ = {
			isa = PBXGroup;
			children = (
				DDF458FE29B8BE1E00F3A29E /* CustomTableViewCell.swift */,
			);
			path = Cell;
			sourceTree = "<group>";
		};
		DD1405A029BF05C600FCBFEC /* SecondViews */ = {
			isa = PBXGroup;
			children = (
				DD927C7F29B0993200467EE9 /* FoodViewController.swift */,
				DD14059F29BF055C00FCBFEC /* Cell */,
			);
			path = SecondViews;
			sourceTree = "<group>";
		};
		DD1405A129BF091E00FCBFEC /* FirstViews */ = {
			isa = PBXGroup;
			children = (
				DD6F1CE229BB0E6E00CDAD54 /* MainViewController.swift */,
				DDC4A08E29BF381000E5C973 /* MenuRecommendationViewController.swift */,
				DDC4A09729C025B400E5C973 /* Button */,
			);
			path = FirstViews;
			sourceTree = "<group>";
		};
		DD6F1CE629BB100E00CDAD54 /* View */ = {
			isa = PBXGroup;
			children = (
				DDC4A09329BF51AA00E5C973 /* MainTabBarController.swift */,
				DD1405A129BF091E00FCBFEC /* FirstViews */,
				DD1405A029BF05C600FCBFEC /* SecondViews */,
				DD6F1CE729BB144900CDAD54 /* ThirdViews */,
			);
			path = View;
			sourceTree = "<group>";
		};
		DD6F1CE729BB144900CDAD54 /* ThirdViews */ = {
			isa = PBXGroup;
			children = (
				DD6F1CE429BB0FAD00CDAD54 /* FoodListViewController.swift */,
				DD6F1CE829BB148300CDAD54 /* MakeFoodListViewController.swift */,
				DD14050A29BB1B7500FCBFEC /* FoodSelectViewController.swift */,
				DDC4A09029BF406400E5C973 /* Cell */,
			);
			path = ThirdViews;
			sourceTree = "<group>";
		};
		DD927C6F29B0993200467EE9 = {
			isa = PBXGroup;
			children = (
				DD927C7A29B0993200467EE9 /* PersonalPojectExample */,
				DD927C7929B0993200467EE9 /* Products */,
			);
			sourceTree = "<group>";
		};
		DD927C7929B0993200467EE9 /* Products */ = {
			isa = PBXGroup;
			children = (
				DD927C7829B0993200467EE9 /* PersonalPojectExample.app */,
			);
			name = Products;
			sourceTree = "<group>";
		};
		DD927C7A29B0993200467EE9 /* PersonalPojectExample */ = {
			isa = PBXGroup;
			children = (
				DD6F1CE629BB100E00CDAD54 /* View */,
				DDF4590029BAFD6A00F3A29E /* Model */,
				DD927C7B29B0993200467EE9 /* AppDelegate.swift */,
				DD927C7D29B0993200467EE9 /* SceneDelegate.swift */,
				DD927C8129B0993200467EE9 /* Main.storyboard */,
				DD927C8429B0993400467EE9 /* Assets.xcassets */,
				DD927C8629B0993400467EE9 /* LaunchScreen.storyboard */,
				DD927C8929B0993400467EE9 /* Info.plist */,
			);
			path = PersonalPojectExample;
			sourceTree = "<group>";
		};
		DDC4A09029BF406400E5C973 /* Cell */ = {
			isa = PBXGroup;
			children = (
				DD0DB85929CAFB6A00072878 /* FoodListFirstTableViewCell.swift */,
				DD0DB85329CAECB500072878 /* FoodListMainTableViewCell.swift */,
				DD0DB85529CAEDF100072878 /* FoodListCreatButtonTableViewCell.swift */,
				DD0DB85729CAEE9E00072878 /* FoodListContentsTableViewCell.swift */,
				DDC4A09129BF409F00E5C973 /* ThirdViewTableViewCell.swift */,
			);
			path = Cell;
			sourceTree = "<group>";
		};
		DDC4A09729C025B400E5C973 /* Button */ = {
			isa = PBXGroup;
			children = (
				DDC4A09529C025AF00E5C973 /* RandomMenuButton.swift */,
			);
			path = Button;
			sourceTree = "<group>";
		};
		DDF4590029BAFD6A00F3A29E /* Model */ = {
			isa = PBXGroup;
			children = (
				DD6F1CDA29BB055800CDAD54 /* Country.swift */,
				DD6F1CDC29BB05FB00CDAD54 /* NumberOfPeople.swift */,
				DD6F1CDE29BB061300CDAD54 /* Category.swift */,
				DD6F1CE029BB063200CDAD54 /* Food.swift */,
				DDF458FC29B8B89900F3A29E /* FoodList.swift */,
			);
			path = Model;
			sourceTree = "<group>";
		};
/* End PBXGroup section */

/* Begin PBXNativeTarget section */
		DD927C7729B0993200467EE9 /* PersonalPojectExample */ = {
			isa = PBXNativeTarget;
			buildConfigurationList = DD927C8C29B0993400467EE9 /* Build configuration list for PBXNativeTarget "PersonalPojectExample" */;
			buildPhases = (
				DD927C7429B0993200467EE9 /* Sources */,
				DD927C7529B0993200467EE9 /* Frameworks */,
				DD927C7629B0993200467EE9 /* Resources */,
			);
			buildRules = (
			);
			dependencies = (
			);
			name = PersonalPojectExample;
			productName = PersonalPojectExample;
			productReference = DD927C7829B0993200467EE9 /* PersonalPojectExample.app */;
			productType = "com.apple.product-type.application";
		};
/* End PBXNativeTarget section */

/* Begin PBXProject section */
		DD927C7029B0993200467EE9 /* Project object */ = {
			isa = PBXProject;
			attributes = {
				BuildIndependentTargetsInParallel = 1;
				LastSwiftUpdateCheck = 1420;
				LastUpgradeCheck = 1420;
				TargetAttributes = {
					DD927C7729B0993200467EE9 = {
						CreatedOnToolsVersion = 14.2;
					};
				};
			};
			buildConfigurationList = DD927C7329B0993200467EE9 /* Build configuration list for PBXProject "PersonalPojectExample" */;
			compatibilityVersion = "Xcode 14.0";
			developmentRegion = en;
			hasScannedForEncodings = 0;
			knownRegions = (
				en,
				Base,
			);
			mainGroup = DD927C6F29B0993200467EE9;
			productRefGroup = DD927C7929B0993200467EE9 /* Products */;
			projectDirPath = "";
			projectRoot = "";
			targets = (
				DD927C7729B0993200467EE9 /* PersonalPojectExample */,
			);
		};
/* End PBXProject section */

/* Begin PBXResourcesBuildPhase section */
		DD927C7629B0993200467EE9 /* Resources */ = {
			isa = PBXResourcesBuildPhase;
			buildActionMask = 2147483647;
			files = (
				DD927C8829B0993400467EE9 /* LaunchScreen.storyboard in Resources */,
				DD927C8529B0993400467EE9 /* Assets.xcassets in Resources */,
				DD927C8329B0993200467EE9 /* Main.storyboard in Resources */,
			);
			runOnlyForDeploymentPostprocessing = 0;
		};
/* End PBXResourcesBuildPhase section */

/* Begin PBXSourcesBuildPhase section */
		DD927C7429B0993200467EE9 /* Sources */ = {
			isa = PBXSourcesBuildPhase;
			buildActionMask = 2147483647;
			files = (
				DD6F1CE929BB148300CDAD54 /* MakeFoodListViewController.swift in Sources */,
				DD927C8029B0993200467EE9 /* FoodViewController.swift in Sources */,
				DDF458FF29B8BE1E00F3A29E /* CustomTableViewCell.swift in Sources */,
				DD927C7C29B0993200467EE9 /* AppDelegate.swift in Sources */,
				DD14050B29BB1B7500FCBFEC /* FoodSelectViewController.swift in Sources */,
				DD6F1CE529BB0FAD00CDAD54 /* FoodListViewController.swift in Sources */,
				DD0DB85429CAECB500072878 /* FoodListMainTableViewCell.swift in Sources */,
				DD0DB85A29CAFB6A00072878 /* FoodListFirstTableViewCell.swift in Sources */,
				DD0DB85829CAEE9E00072878 /* FoodListContentsTableViewCell.swift in Sources */,
				DD0DB85629CAEDF100072878 /* FoodListCreatButtonTableViewCell.swift in Sources */,
				DD927C7E29B0993200467EE9 /* SceneDelegate.swift in Sources */,
				DD6F1CDD29BB05FB00CDAD54 /* NumberOfPeople.swift in Sources */,
				DDC4A09229BF409F00E5C973 /* ThirdViewTableViewCell.swift in Sources */,
				DD6F1CE129BB063200CDAD54 /* Food.swift in Sources */,
				DDC4A09429BF51AA00E5C973 /* MainTabBarController.swift in Sources */,
				DDC4A09629C025AF00E5C973 /* RandomMenuButton.swift in Sources */,
				DD6F1CDB29BB055800CDAD54 /* Country.swift in Sources */,
				DDF458FD29B8B89900F3A29E /* FoodList.swift in Sources */,
				DD6F1CDF29BB061300CDAD54 /* Category.swift in Sources */,
				DDC4A08F29BF381000E5C973 /* MenuRecommendationViewController.swift in Sources */,
				DD6F1CE329BB0E6E00CDAD54 /* MainViewController.swift in Sources */,
			);
			runOnlyForDeploymentPostprocessing = 0;
		};
/* End PBXSourcesBuildPhase section */

/* Begin PBXVariantGroup section */
		DD927C8129B0993200467EE9 /* Main.storyboard */ = {
			isa = PBXVariantGroup;
			children = (
				DD927C8229B0993200467EE9 /* Base */,
			);
			name = Main.storyboard;
			sourceTree = "<group>";
		};
		DD927C8629B0993400467EE9 /* LaunchScreen.storyboard */ = {
			isa = PBXVariantGroup;
			children = (
				DD927C8729B0993400467EE9 /* Base */,
			);
			name = LaunchScreen.storyboard;
			sourceTree = "<group>";
		};
/* End PBXVariantGroup section */

/* Begin XCBuildConfiguration section */
		DD927C8A29B0993400467EE9 /* Debug */ = {
			isa = XCBuildConfiguration;
			buildSettings = {
				ALWAYS_SEARCH_USER_PATHS = NO;
				CLANG_ANALYZER_NONNULL = YES;
				CLANG_ANALYZER_NUMBER_OBJECT_CONVERSION = YES_AGGRESSIVE;
				CLANG_CXX_LANGUAGE_STANDARD = "gnu++20";
				CLANG_ENABLE_MODULES = YES;
				CLANG_ENABLE_OBJC_ARC = YES;
				CLANG_ENABLE_OBJC_WEAK = YES;
				CLANG_WARN_BLOCK_CAPTURE_AUTORELEASING = YES;
				CLANG_WARN_BOOL_CONVERSION = YES;
				CLANG_WARN_COMMA = YES;
				CLANG_WARN_CONSTANT_CONVERSION = YES;
				CLANG_WARN_DEPRECATED_OBJC_IMPLEMENTATIONS = YES;
				CLANG_WARN_DIRECT_OBJC_ISA_USAGE = YES_ERROR;
				CLANG_WARN_DOCUMENTATION_COMMENTS = YES;
				CLANG_WARN_EMPTY_BODY = YES;
				CLANG_WARN_ENUM_CONVERSION = YES;
				CLANG_WARN_INFINITE_RECURSION = YES;
				CLANG_WARN_INT_CONVERSION = YES;
				CLANG_WARN_NON_LITERAL_NULL_CONVERSION = YES;
				CLANG_WARN_OBJC_IMPLICIT_RETAIN_SELF = YES;
				CLANG_WARN_OBJC_LITERAL_CONVERSION = YES;
				CLANG_WARN_OBJC_ROOT_CLASS = YES_ERROR;
				CLANG_WARN_QUOTED_INCLUDE_IN_FRAMEWORK_HEADER = YES;
				CLANG_WARN_RANGE_LOOP_ANALYSIS = YES;
				CLANG_WARN_STRICT_PROTOTYPES = YES;
				CLANG_WARN_SUSPICIOUS_MOVE = YES;
				CLANG_WARN_UNGUARDED_AVAILABILITY = YES_AGGRESSIVE;
				CLANG_WARN_UNREACHABLE_CODE = YES;
				CLANG_WARN__DUPLICATE_METHOD_MATCH = YES;
				COPY_PHASE_STRIP = NO;
				DEBUG_INFORMATION_FORMAT = dwarf;
				ENABLE_STRICT_OBJC_MSGSEND = YES;
				ENABLE_TESTABILITY = YES;
				GCC_C_LANGUAGE_STANDARD = gnu11;
				GCC_DYNAMIC_NO_PIC = NO;
				GCC_NO_COMMON_BLOCKS = YES;
				GCC_OPTIMIZATION_LEVEL = 0;
				GCC_PREPROCESSOR_DEFINITIONS = (
					"DEBUG=1",
					"$(inherited)",
				);
				GCC_WARN_64_TO_32_BIT_CONVERSION = YES;
				GCC_WARN_ABOUT_RETURN_TYPE = YES_ERROR;
				GCC_WARN_UNDECLARED_SELECTOR = YES;
				GCC_WARN_UNINITIALIZED_AUTOS = YES_AGGRESSIVE;
				GCC_WARN_UNUSED_FUNCTION = YES;
				GCC_WARN_UNUSED_VARIABLE = YES;
				IPHONEOS_DEPLOYMENT_TARGET = 16.2;
				MTL_ENABLE_DEBUG_INFO = INCLUDE_SOURCE;
				MTL_FAST_MATH = YES;
				ONLY_ACTIVE_ARCH = YES;
				SDKROOT = iphoneos;
				SWIFT_ACTIVE_COMPILATION_CONDITIONS = DEBUG;
				SWIFT_OPTIMIZATION_LEVEL = "-Onone";
			};
			name = Debug;
		};
		DD927C8B29B0993400467EE9 /* Release */ = {
			isa = XCBuildConfiguration;
			buildSettings = {
				ALWAYS_SEARCH_USER_PATHS = NO;
				CLANG_ANALYZER_NONNULL = YES;
				CLANG_ANALYZER_NUMBER_OBJECT_CONVERSION = YES_AGGRESSIVE;
				CLANG_CXX_LANGUAGE_STANDARD = "gnu++20";
				CLANG_ENABLE_MODULES = YES;
				CLANG_ENABLE_OBJC_ARC = YES;
				CLANG_ENABLE_OBJC_WEAK = YES;
				CLANG_WARN_BLOCK_CAPTURE_AUTORELEASING = YES;
				CLANG_WARN_BOOL_CONVERSION = YES;
				CLANG_WARN_COMMA = YES;
				CLANG_WARN_CONSTANT_CONVERSION = YES;
				CLANG_WARN_DEPRECATED_OBJC_IMPLEMENTATIONS = YES;
				CLANG_WARN_DIRECT_OBJC_ISA_USAGE = YES_ERROR;
				CLANG_WARN_DOCUMENTATION_COMMENTS = YES;
				CLANG_WARN_EMPTY_BODY = YES;
				CLANG_WARN_ENUM_CONVERSION = YES;
				CLANG_WARN_INFINITE_RECURSION = YES;
				CLANG_WARN_INT_CONVERSION = YES;
				CLANG_WARN_NON_LITERAL_NULL_CONVERSION = YES;
				CLANG_WARN_OBJC_IMPLICIT_RETAIN_SELF = YES;
				CLANG_WARN_OBJC_LITERAL_CONVERSION = YES;
				CLANG_WARN_OBJC_ROOT_CLASS = YES_ERROR;
				CLANG_WARN_QUOTED_INCLUDE_IN_FRAMEWORK_HEADER = YES;
				CLANG_WARN_RANGE_LOOP_ANALYSIS = YES;
				CLANG_WARN_STRICT_PROTOTYPES = YES;
				CLANG_WARN_SUSPICIOUS_MOVE = YES;
				CLANG_WARN_UNGUARDED_AVAILABILITY = YES_AGGRESSIVE;
				CLANG_WARN_UNREACHABLE_CODE = YES;
				CLANG_WARN__DUPLICATE_METHOD_MATCH = YES;
				COPY_PHASE_STRIP = NO;
				DEBUG_INFORMATION_FORMAT = "dwarf-with-dsym";
				ENABLE_NS_ASSERTIONS = NO;
				ENABLE_STRICT_OBJC_MSGSEND = YES;
				GCC_C_LANGUAGE_STANDARD = gnu11;
				GCC_NO_COMMON_BLOCKS = YES;
				GCC_WARN_64_TO_32_BIT_CONVERSION = YES;
				GCC_WARN_ABOUT_RETURN_TYPE = YES_ERROR;
				GCC_WARN_UNDECLARED_SELECTOR = YES;
				GCC_WARN_UNINITIALIZED_AUTOS = YES_AGGRESSIVE;
				GCC_WARN_UNUSED_FUNCTION = YES;
				GCC_WARN_UNUSED_VARIABLE = YES;
				IPHONEOS_DEPLOYMENT_TARGET = 16.2;
				MTL_ENABLE_DEBUG_INFO = NO;
				MTL_FAST_MATH = YES;
				SDKROOT = iphoneos;
				SWIFT_COMPILATION_MODE = wholemodule;
				SWIFT_OPTIMIZATION_LEVEL = "-O";
				VALIDATE_PRODUCT = YES;
			};
			name = Release;
		};
		DD927C8D29B0993400467EE9 /* Debug */ = {
			isa = XCBuildConfiguration;
			buildSettings = {
				ASSETCATALOG_COMPILER_APPICON_NAME = AppIcon;
				ASSETCATALOG_COMPILER_GLOBAL_ACCENT_COLOR_NAME = AccentColor;
				CODE_SIGN_STYLE = Automatic;
				CURRENT_PROJECT_VERSION = 1;
				DEVELOPMENT_TEAM = F945448FS3;
				GENERATE_INFOPLIST_FILE = YES;
				INFOPLIST_FILE = PersonalPojectExample/Info.plist;
				INFOPLIST_KEY_UIApplicationSupportsIndirectInputEvents = YES;
				INFOPLIST_KEY_UILaunchStoryboardName = LaunchScreen;
				INFOPLIST_KEY_UIMainStoryboardFile = Main;
				INFOPLIST_KEY_UISupportedInterfaceOrientations_iPad = "UIInterfaceOrientationPortrait UIInterfaceOrientationPortraitUpsideDown UIInterfaceOrientationLandscapeLeft UIInterfaceOrientationLandscapeRight";
				INFOPLIST_KEY_UISupportedInterfaceOrientations_iPhone = "UIInterfaceOrientationPortrait UIInterfaceOrientationLandscapeLeft UIInterfaceOrientationLandscapeRight";
				LD_RUNPATH_SEARCH_PATHS = (
					"$(inherited)",
					"@executable_path/Frameworks",
				);
				MARKETING_VERSION = 1.0;
				PRODUCT_BUNDLE_IDENTIFIER = com.sihoonkim.PersonalPojectExample;
				PRODUCT_NAME = "$(TARGET_NAME)";
				SWIFT_EMIT_LOC_STRINGS = YES;
				SWIFT_VERSION = 5.0;
				TARGETED_DEVICE_FAMILY = "1,2";
			};
			name = Debug;
		};
		DD927C8E29B0993400467EE9 /* Release */ = {
			isa = XCBuildConfiguration;
			buildSettings = {
				ASSETCATALOG_COMPILER_APPICON_NAME = AppIcon;
				ASSETCATALOG_COMPILER_GLOBAL_ACCENT_COLOR_NAME = AccentColor;
				CODE_SIGN_STYLE = Automatic;
				CURRENT_PROJECT_VERSION = 1;
				DEVELOPMENT_TEAM = F945448FS3;
				GENERATE_INFOPLIST_FILE = YES;
				INFOPLIST_FILE = PersonalPojectExample/Info.plist;
				INFOPLIST_KEY_UIApplicationSupportsIndirectInputEvents = YES;
				INFOPLIST_KEY_UILaunchStoryboardName = LaunchScreen;
				INFOPLIST_KEY_UIMainStoryboardFile = Main;
				INFOPLIST_KEY_UISupportedInterfaceOrientations_iPad = "UIInterfaceOrientationPortrait UIInterfaceOrientationPortraitUpsideDown UIInterfaceOrientationLandscapeLeft UIInterfaceOrientationLandscapeRight";
				INFOPLIST_KEY_UISupportedInterfaceOrientations_iPhone = "UIInterfaceOrientationPortrait UIInterfaceOrientationLandscapeLeft UIInterfaceOrientationLandscapeRight";
				LD_RUNPATH_SEARCH_PATHS = (
					"$(inherited)",
					"@executable_path/Frameworks",
				);
				MARKETING_VERSION = 1.0;
				PRODUCT_BUNDLE_IDENTIFIER = com.sihoonkim.PersonalPojectExample;
				PRODUCT_NAME = "$(TARGET_NAME)";
				SWIFT_EMIT_LOC_STRINGS = YES;
				SWIFT_VERSION = 5.0;
				TARGETED_DEVICE_FAMILY = "1,2";
			};
			name = Release;
		};
/* End XCBuildConfiguration section */

/* Begin XCConfigurationList section */
		DD927C7329B0993200467EE9 /* Build configuration list for PBXProject "PersonalPojectExample" */ = {
			isa = XCConfigurationList;
			buildConfigurations = (
				DD927C8A29B0993400467EE9 /* Debug */,
				DD927C8B29B0993400467EE9 /* Release */,
			);
			defaultConfigurationIsVisible = 0;
			defaultConfigurationName = Release;
		};
		DD927C8C29B0993400467EE9 /* Build configuration list for PBXNativeTarget "PersonalPojectExample" */ = {
			isa = XCConfigurationList;
			buildConfigurations = (
				DD927C8D29B0993400467EE9 /* Debug */,
				DD927C8E29B0993400467EE9 /* Release */,
			);
			defaultConfigurationIsVisible = 0;
			defaultConfigurationName = Release;
		};
/* End XCConfigurationList section */
	};
	rootObject = DD927C7029B0993200467EE9 /* Project object */;
}
