// !$*UTF8*$!
{
	archiveVersion = 1;
	classes = {
	};
	objectVersion = 56;
	objects = {

/* Begin PBXBuildFile section */
		9369B95A6D16B829831F3FB7 /* Pods_WhatIsTodaysMenu.framework in Frameworks */ = {isa = PBXBuildFile; fileRef = 108FDBDAEA8931BD151B258B /* Pods_WhatIsTodaysMenu.framework */; };
		DD0DB85A29CAFB6A00072878 /* FoodListFirstTableViewCell.swift in Sources */ = {isa = PBXBuildFile; fileRef = DD0DB85929CAFB6A00072878 /* FoodListFirstTableViewCell.swift */; };
		DD2951EC29D5A520000830D9 /* WhatIsTodaysMenu.xcdatamodeld in Sources */ = {isa = PBXBuildFile; fileRef = DD2951EA29D5A520000830D9 /* WhatIsTodaysMenu.xcdatamodeld */; };
		DD2951EE29D5A54F000830D9 /* CoreDataManager.swift in Sources */ = {isa = PBXBuildFile; fileRef = DD2951ED29D5A54F000830D9 /* CoreDataManager.swift */; };
		DD37543F2A131E94001C414D /* FoodChooseViewController.swift in Sources */ = {isa = PBXBuildFile; fileRef = DD37543E2A131E94001C414D /* FoodChooseViewController.swift */; };
		DD3754412A131ECC001C414D /* FoodChooseCollectionViewCell.swift in Sources */ = {isa = PBXBuildFile; fileRef = DD3754402A131ECC001C414D /* FoodChooseCollectionViewCell.swift */; };
		DD6F1CDB29BB055800CDAD54 /* Country.swift in Sources */ = {isa = PBXBuildFile; fileRef = DD6F1CDA29BB055800CDAD54 /* Country.swift */; };
		DD6F1CDD29BB05FB00CDAD54 /* NumberOfPeople.swift in Sources */ = {isa = PBXBuildFile; fileRef = DD6F1CDC29BB05FB00CDAD54 /* NumberOfPeople.swift */; };
		DD6F1CDF29BB061300CDAD54 /* Category.swift in Sources */ = {isa = PBXBuildFile; fileRef = DD6F1CDE29BB061300CDAD54 /* Category.swift */; };
		DD6F1CE129BB063200CDAD54 /* Food.swift in Sources */ = {isa = PBXBuildFile; fileRef = DD6F1CE029BB063200CDAD54 /* Food.swift */; };
		DD6F1CE329BB0E6E00CDAD54 /* MainViewController.swift in Sources */ = {isa = PBXBuildFile; fileRef = DD6F1CE229BB0E6E00CDAD54 /* MainViewController.swift */; };
		DD6F1CE529BB0FAD00CDAD54 /* FoodListViewController.swift in Sources */ = {isa = PBXBuildFile; fileRef = DD6F1CE429BB0FAD00CDAD54 /* FoodListViewController.swift */; };
		DD927C7C29B0993200467EE9 /* AppDelegate.swift in Sources */ = {isa = PBXBuildFile; fileRef = DD927C7B29B0993200467EE9 /* AppDelegate.swift */; };
		DD927C7E29B0993200467EE9 /* SceneDelegate.swift in Sources */ = {isa = PBXBuildFile; fileRef = DD927C7D29B0993200467EE9 /* SceneDelegate.swift */; };
		DD927C8329B0993200467EE9 /* Main.storyboard in Resources */ = {isa = PBXBuildFile; fileRef = DD927C8129B0993200467EE9 /* Main.storyboard */; };
		DD927C8529B0993400467EE9 /* Assets.xcassets in Resources */ = {isa = PBXBuildFile; fileRef = DD927C8429B0993400467EE9 /* Assets.xcassets */; };
		DD927C8829B0993400467EE9 /* LaunchScreen.storyboard in Resources */ = {isa = PBXBuildFile; fileRef = DD927C8629B0993400467EE9 /* LaunchScreen.storyboard */; };
		DD9C789C29E5674100CADBC9 /* MakeFoodRecommendationListTableViewController.swift in Sources */ = {isa = PBXBuildFile; fileRef = DD9C789B29E5674100CADBC9 /* MakeFoodRecommendationListTableViewController.swift */; };
		DD9C789E29E56C0400CADBC9 /* FoodRecommendationListMainTableViewCell.swift in Sources */ = {isa = PBXBuildFile; fileRef = DD9C789D29E56C0400CADBC9 /* FoodRecommendationListMainTableViewCell.swift */; };
		DDA21C1C29E57CA300EE1B9C /* FoodRecommendationListFoodTableViewCell.swift in Sources */ = {isa = PBXBuildFile; fileRef = DDA21C1B29E57CA300EE1B9C /* FoodRecommendationListFoodTableViewCell.swift */; };
		DDA21C1E29E5810800EE1B9C /* FoodRecommendationListDescriptionTableViewCell.swift in Sources */ = {isa = PBXBuildFile; fileRef = DDA21C1D29E5810800EE1B9C /* FoodRecommendationListDescriptionTableViewCell.swift */; };
		DDACC2092A0CDE5A009F21EC /* FavoriteFoodCollectionViewCell.swift in Sources */ = {isa = PBXBuildFile; fileRef = DDACC2082A0CDE5A009F21EC /* FavoriteFoodCollectionViewCell.swift */; };
		DDACC20B2A0D121F009F21EC /* HashTagCollectionViewCell.swift in Sources */ = {isa = PBXBuildFile; fileRef = DDACC20A2A0D121F009F21EC /* HashTagCollectionViewCell.swift */; };
		DDC4A08F29BF381000E5C973 /* MenuRecommendationViewController.swift in Sources */ = {isa = PBXBuildFile; fileRef = DDC4A08E29BF381000E5C973 /* MenuRecommendationViewController.swift */; };
		DDC4A09429BF51AA00E5C973 /* MainTabBarController.swift in Sources */ = {isa = PBXBuildFile; fileRef = DDC4A09329BF51AA00E5C973 /* MainTabBarController.swift */; };
		DDE1DEA829EFF5A700F3D737 /* CategoryCollectionViewCell.swift in Sources */ = {isa = PBXBuildFile; fileRef = DDE1DEA729EFF5A700F3D737 /* CategoryCollectionViewCell.swift */; };
		DDE1DEAA29EFF83800F3D737 /* CategoryHeaderCollectionReusableView.swift in Sources */ = {isa = PBXBuildFile; fileRef = DDE1DEA929EFF83800F3D737 /* CategoryHeaderCollectionReusableView.swift */; };
		DDE1DEEE29F65BEF00F3D737 /* FoodsCollectionViewCell.swift in Sources */ = {isa = PBXBuildFile; fileRef = DDE1DEED29F65BEF00F3D737 /* FoodsCollectionViewCell.swift */; };
		DDE1DEF029F65C7D00F3D737 /* FoodsViewController.swift in Sources */ = {isa = PBXBuildFile; fileRef = DDE1DEEF29F65C7D00F3D737 /* FoodsViewController.swift */; };
		DDE527AF2A88B92800A3A4C7 /* .swiftlint.yml in Resources */ = {isa = PBXBuildFile; fileRef = DDE527AE2A88B92800A3A4C7 /* .swiftlint.yml */; };
		DDF458FD29B8B89900F3A29E /* FoodRecommendationList.swift in Sources */ = {isa = PBXBuildFile; fileRef = DDF458FC29B8B89900F3A29E /* FoodRecommendationList.swift */; };
		DDF4AD282A209C4400BCA3BB /* RandomFoodsCollectionViewCell.swift in Sources */ = {isa = PBXBuildFile; fileRef = DDF4AD272A209C4400BCA3BB /* RandomFoodsCollectionViewCell.swift */; };
/* End PBXBuildFile section */

/* Begin PBXFileReference section */
		108FDBDAEA8931BD151B258B /* Pods_WhatIsTodaysMenu.framework */ = {isa = PBXFileReference; explicitFileType = wrapper.framework; includeInIndex = 0; path = Pods_WhatIsTodaysMenu.framework; sourceTree = BUILT_PRODUCTS_DIR; };
		2BCF7BA32CA6769F7B118A32 /* Pods-WhatIsTodaysMenu.debug.xcconfig */ = {isa = PBXFileReference; includeInIndex = 1; lastKnownFileType = text.xcconfig; name = "Pods-WhatIsTodaysMenu.debug.xcconfig"; path = "Target Support Files/Pods-WhatIsTodaysMenu/Pods-WhatIsTodaysMenu.debug.xcconfig"; sourceTree = "<group>"; };
		A190CCA3CD021817B3102FD9 /* Pods-WhatIsTodaysMenu.release.xcconfig */ = {isa = PBXFileReference; includeInIndex = 1; lastKnownFileType = text.xcconfig; name = "Pods-WhatIsTodaysMenu.release.xcconfig"; path = "Target Support Files/Pods-WhatIsTodaysMenu/Pods-WhatIsTodaysMenu.release.xcconfig"; sourceTree = "<group>"; };
		DD0DB85929CAFB6A00072878 /* FoodListFirstTableViewCell.swift */ = {isa = PBXFileReference; lastKnownFileType = sourcecode.swift; path = FoodListFirstTableViewCell.swift; sourceTree = "<group>"; };
		DD2951EB29D5A520000830D9 /* FoodList.xcdatamodel */ = {isa = PBXFileReference; lastKnownFileType = wrapper.xcdatamodel; path = FoodList.xcdatamodel; sourceTree = "<group>"; };
		DD2951ED29D5A54F000830D9 /* CoreDataManager.swift */ = {isa = PBXFileReference; lastKnownFileType = sourcecode.swift; path = CoreDataManager.swift; sourceTree = "<group>"; };
		DD37543E2A131E94001C414D /* FoodChooseViewController.swift */ = {isa = PBXFileReference; lastKnownFileType = sourcecode.swift; path = FoodChooseViewController.swift; sourceTree = "<group>"; };
		DD3754402A131ECC001C414D /* FoodChooseCollectionViewCell.swift */ = {isa = PBXFileReference; lastKnownFileType = sourcecode.swift; path = FoodChooseCollectionViewCell.swift; sourceTree = "<group>"; };
		DD6F1CDA29BB055800CDAD54 /* Country.swift */ = {isa = PBXFileReference; lastKnownFileType = sourcecode.swift; path = Country.swift; sourceTree = "<group>"; };
		DD6F1CDC29BB05FB00CDAD54 /* NumberOfPeople.swift */ = {isa = PBXFileReference; lastKnownFileType = sourcecode.swift; path = NumberOfPeople.swift; sourceTree = "<group>"; };
		DD6F1CDE29BB061300CDAD54 /* Category.swift */ = {isa = PBXFileReference; lastKnownFileType = sourcecode.swift; path = Category.swift; sourceTree = "<group>"; };
		DD6F1CE029BB063200CDAD54 /* Food.swift */ = {isa = PBXFileReference; lastKnownFileType = sourcecode.swift; path = Food.swift; sourceTree = "<group>"; };
		DD6F1CE229BB0E6E00CDAD54 /* MainViewController.swift */ = {isa = PBXFileReference; lastKnownFileType = sourcecode.swift; path = MainViewController.swift; sourceTree = "<group>"; };
		DD6F1CE429BB0FAD00CDAD54 /* FoodListViewController.swift */ = {isa = PBXFileReference; lastKnownFileType = sourcecode.swift; path = FoodListViewController.swift; sourceTree = "<group>"; };
		DD927C7829B0993200467EE9 /* WhatIsTodaysMenu.app */ = {isa = PBXFileReference; explicitFileType = wrapper.application; includeInIndex = 0; path = WhatIsTodaysMenu.app; sourceTree = BUILT_PRODUCTS_DIR; };
		DD927C7B29B0993200467EE9 /* AppDelegate.swift */ = {isa = PBXFileReference; lastKnownFileType = sourcecode.swift; path = AppDelegate.swift; sourceTree = "<group>"; };
		DD927C7D29B0993200467EE9 /* SceneDelegate.swift */ = {isa = PBXFileReference; lastKnownFileType = sourcecode.swift; path = SceneDelegate.swift; sourceTree = "<group>"; };
		DD927C8229B0993200467EE9 /* Base */ = {isa = PBXFileReference; lastKnownFileType = file.storyboard; name = Base; path = Base.lproj/Main.storyboard; sourceTree = "<group>"; };
		DD927C8429B0993400467EE9 /* Assets.xcassets */ = {isa = PBXFileReference; lastKnownFileType = folder.assetcatalog; path = Assets.xcassets; sourceTree = "<group>"; };
		DD927C8729B0993400467EE9 /* Base */ = {isa = PBXFileReference; lastKnownFileType = file.storyboard; name = Base; path = Base.lproj/LaunchScreen.storyboard; sourceTree = "<group>"; };
		DD927C8929B0993400467EE9 /* Info.plist */ = {isa = PBXFileReference; lastKnownFileType = text.plist.xml; path = Info.plist; sourceTree = "<group>"; };
		DD9C789B29E5674100CADBC9 /* MakeFoodRecommendationListTableViewController.swift */ = {isa = PBXFileReference; lastKnownFileType = sourcecode.swift; path = MakeFoodRecommendationListTableViewController.swift; sourceTree = "<group>"; };
		DD9C789D29E56C0400CADBC9 /* FoodRecommendationListMainTableViewCell.swift */ = {isa = PBXFileReference; lastKnownFileType = sourcecode.swift; path = FoodRecommendationListMainTableViewCell.swift; sourceTree = "<group>"; };
		DDA21C1B29E57CA300EE1B9C /* FoodRecommendationListFoodTableViewCell.swift */ = {isa = PBXFileReference; lastKnownFileType = sourcecode.swift; path = FoodRecommendationListFoodTableViewCell.swift; sourceTree = "<group>"; };
		DDA21C1D29E5810800EE1B9C /* FoodRecommendationListDescriptionTableViewCell.swift */ = {isa = PBXFileReference; lastKnownFileType = sourcecode.swift; path = FoodRecommendationListDescriptionTableViewCell.swift; sourceTree = "<group>"; };
		DDACC2082A0CDE5A009F21EC /* FavoriteFoodCollectionViewCell.swift */ = {isa = PBXFileReference; lastKnownFileType = sourcecode.swift; path = FavoriteFoodCollectionViewCell.swift; sourceTree = "<group>"; };
		DDACC20A2A0D121F009F21EC /* HashTagCollectionViewCell.swift */ = {isa = PBXFileReference; lastKnownFileType = sourcecode.swift; path = HashTagCollectionViewCell.swift; sourceTree = "<group>"; };
		DDC4A08E29BF381000E5C973 /* MenuRecommendationViewController.swift */ = {isa = PBXFileReference; lastKnownFileType = sourcecode.swift; path = MenuRecommendationViewController.swift; sourceTree = "<group>"; };
		DDC4A09329BF51AA00E5C973 /* MainTabBarController.swift */ = {isa = PBXFileReference; lastKnownFileType = sourcecode.swift; path = MainTabBarController.swift; sourceTree = "<group>"; };
		DDE1DEA729EFF5A700F3D737 /* CategoryCollectionViewCell.swift */ = {isa = PBXFileReference; lastKnownFileType = sourcecode.swift; path = CategoryCollectionViewCell.swift; sourceTree = "<group>"; };
		DDE1DEA929EFF83800F3D737 /* CategoryHeaderCollectionReusableView.swift */ = {isa = PBXFileReference; lastKnownFileType = sourcecode.swift; path = CategoryHeaderCollectionReusableView.swift; sourceTree = "<group>"; };
		DDE1DEED29F65BEF00F3D737 /* FoodsCollectionViewCell.swift */ = {isa = PBXFileReference; lastKnownFileType = sourcecode.swift; path = FoodsCollectionViewCell.swift; sourceTree = "<group>"; };
		DDE1DEEF29F65C7D00F3D737 /* FoodsViewController.swift */ = {isa = PBXFileReference; lastKnownFileType = sourcecode.swift; path = FoodsViewController.swift; sourceTree = "<group>"; };
		DDE527AE2A88B92800A3A4C7 /* .swiftlint.yml */ = {isa = PBXFileReference; lastKnownFileType = text.yaml; path = .swiftlint.yml; sourceTree = "<group>"; };
		DDF458FC29B8B89900F3A29E /* FoodRecommendationList.swift */ = {isa = PBXFileReference; lastKnownFileType = sourcecode.swift; path = FoodRecommendationList.swift; sourceTree = "<group>"; };
		DDF4AD272A209C4400BCA3BB /* RandomFoodsCollectionViewCell.swift */ = {isa = PBXFileReference; lastKnownFileType = sourcecode.swift; path = RandomFoodsCollectionViewCell.swift; sourceTree = "<group>"; };
/* End PBXFileReference section */

/* Begin PBXFrameworksBuildPhase section */
		DD927C7529B0993200467EE9 /* Frameworks */ = {
			isa = PBXFrameworksBuildPhase;
			buildActionMask = 2147483647;
			files = (
				9369B95A6D16B829831F3FB7 /* Pods_WhatIsTodaysMenu.framework in Frameworks */,
			);
			runOnlyForDeploymentPostprocessing = 0;
		};
/* End PBXFrameworksBuildPhase section */

/* Begin PBXGroup section */
		9BEA66B94A030F640A6E2D8E /* Pods */ = {
			isa = PBXGroup;
			children = (
				2BCF7BA32CA6769F7B118A32 /* Pods-WhatIsTodaysMenu.debug.xcconfig */,
				A190CCA3CD021817B3102FD9 /* Pods-WhatIsTodaysMenu.release.xcconfig */,
			);
			path = Pods;
			sourceTree = "<group>";
		};
		A334F42CB0E5FAC359B81F18 /* Frameworks */ = {
			isa = PBXGroup;
			children = (
				108FDBDAEA8931BD151B258B /* Pods_WhatIsTodaysMenu.framework */,
			);
			name = Frameworks;
			sourceTree = "<group>";
		};
		DD14059F29BF055C00FCBFEC /* Cell */ = {
			isa = PBXGroup;
			children = (
				DDACC20A2A0D121F009F21EC /* HashTagCollectionViewCell.swift */,
				DDE1DEED29F65BEF00F3D737 /* FoodsCollectionViewCell.swift */,
			);
			path = Cell;
			sourceTree = "<group>";
		};
		DD1405A029BF05C600FCBFEC /* SecondViews */ = {
			isa = PBXGroup;
			children = (
				DDE1DEEF29F65C7D00F3D737 /* FoodsViewController.swift */,
				DD14059F29BF055C00FCBFEC /* Cell */,
			);
			path = SecondViews;
			sourceTree = "<group>";
		};
		DD1405A129BF091E00FCBFEC /* FirstViews */ = {
			isa = PBXGroup;
			children = (
				DD6F1CE229BB0E6E00CDAD54 /* MainViewController.swift */,
				DDC4A08E29BF381000E5C973 /* MenuRecommendationViewController.swift */,
				DDE1DEA429EFF56D00F3D737 /* Cell */,
				DDE1DEAE29EFF88C00F3D737 /* ReusableView */,
			);
			path = FirstViews;
			sourceTree = "<group>";
		};
		DD6F1CE629BB100E00CDAD54 /* View */ = {
			isa = PBXGroup;
			children = (
				DDC4A09329BF51AA00E5C973 /* MainTabBarController.swift */,
				DD1405A129BF091E00FCBFEC /* FirstViews */,
				DD1405A029BF05C600FCBFEC /* SecondViews */,
				DD6F1CE729BB144900CDAD54 /* ThirdViews */,
			);
			path = View;
			sourceTree = "<group>";
		};
		DD6F1CE729BB144900CDAD54 /* ThirdViews */ = {
			isa = PBXGroup;
			children = (
				DD6F1CE429BB0FAD00CDAD54 /* FoodListViewController.swift */,
				DD9C789B29E5674100CADBC9 /* MakeFoodRecommendationListTableViewController.swift */,
				DD37543E2A131E94001C414D /* FoodChooseViewController.swift */,
				DDC4A09029BF406400E5C973 /* Cell */,
			);
			path = ThirdViews;
			sourceTree = "<group>";
		};
		DD927C6F29B0993200467EE9 = {
			isa = PBXGroup;
			children = (
				DDE527AE2A88B92800A3A4C7 /* .swiftlint.yml */,
				DD927C7A29B0993200467EE9 /* WhatIsTodaysMenu */,
				DD927C7929B0993200467EE9 /* Products */,
				9BEA66B94A030F640A6E2D8E /* Pods */,
				A334F42CB0E5FAC359B81F18 /* Frameworks */,
			);
			sourceTree = "<group>";
		};
		DD927C7929B0993200467EE9 /* Products */ = {
			isa = PBXGroup;
			children = (
				DD927C7829B0993200467EE9 /* WhatIsTodaysMenu.app */,
			);
			name = Products;
			sourceTree = "<group>";
		};
		DD927C7A29B0993200467EE9 /* WhatIsTodaysMenu */ = {
			isa = PBXGroup;
			children = (
				DD6F1CE629BB100E00CDAD54 /* View */,
				DDF4590029BAFD6A00F3A29E /* Model */,
				DD927C7B29B0993200467EE9 /* AppDelegate.swift */,
				DD927C7D29B0993200467EE9 /* SceneDelegate.swift */,
				DD927C8129B0993200467EE9 /* Main.storyboard */,
				DD927C8429B0993400467EE9 /* Assets.xcassets */,
				DD927C8629B0993400467EE9 /* LaunchScreen.storyboard */,
				DD927C8929B0993400467EE9 /* Info.plist */,
				DD2951EA29D5A520000830D9 /* WhatIsTodaysMenu.xcdatamodeld */,
				DD2951ED29D5A54F000830D9 /* CoreDataManager.swift */,
			);
			path = WhatIsTodaysMenu;
			sourceTree = "<group>";
		};
		DDC4A09029BF406400E5C973 /* Cell */ = {
			isa = PBXGroup;
			children = (
				DD0DB85929CAFB6A00072878 /* FoodListFirstTableViewCell.swift */,
				DD9C789D29E56C0400CADBC9 /* FoodRecommendationListMainTableViewCell.swift */,
				DDA21C1D29E5810800EE1B9C /* FoodRecommendationListDescriptionTableViewCell.swift */,
				DDA21C1B29E57CA300EE1B9C /* FoodRecommendationListFoodTableViewCell.swift */,
				DD3754402A131ECC001C414D /* FoodChooseCollectionViewCell.swift */,
			);
			path = Cell;
			sourceTree = "<group>";
		};
		DDE1DEA429EFF56D00F3D737 /* Cell */ = {
			isa = PBXGroup;
			children = (
				DDE1DEA729EFF5A700F3D737 /* CategoryCollectionViewCell.swift */,
				DDACC2082A0CDE5A009F21EC /* FavoriteFoodCollectionViewCell.swift */,
				DDF4AD272A209C4400BCA3BB /* RandomFoodsCollectionViewCell.swift */,
			);
			path = Cell;
			sourceTree = "<group>";
		};
		DDE1DEAE29EFF88C00F3D737 /* ReusableView */ = {
			isa = PBXGroup;
			children = (
				DDE1DEA929EFF83800F3D737 /* CategoryHeaderCollectionReusableView.swift */,
			);
			path = ReusableView;
			sourceTree = "<group>";
		};
		DDF4590029BAFD6A00F3A29E /* Model */ = {
			isa = PBXGroup;
			children = (
				DD6F1CDA29BB055800CDAD54 /* Country.swift */,
				DD6F1CDC29BB05FB00CDAD54 /* NumberOfPeople.swift */,
				DD6F1CDE29BB061300CDAD54 /* Category.swift */,
				DD6F1CE029BB063200CDAD54 /* Food.swift */,
				DDF458FC29B8B89900F3A29E /* FoodRecommendationList.swift */,
			);
			path = Model;
			sourceTree = "<group>";
		};
/* End PBXGroup section */

/* Begin PBXNativeTarget section */
		DD927C7729B0993200467EE9 /* WhatIsTodaysMenu */ = {
			isa = PBXNativeTarget;
			buildConfigurationList = DD927C8C29B0993400467EE9 /* Build configuration list for PBXNativeTarget "WhatIsTodaysMenu" */;
			buildPhases = (
				D7176B7406EA93C6FB6F5E99 /* [CP] Check Pods Manifest.lock */,
				DD4F9AAE2A88B65A00A2404B /* SwiftLint Script */,
				DD927C7429B0993200467EE9 /* Sources */,
				DD927C7529B0993200467EE9 /* Frameworks */,
				DD927C7629B0993200467EE9 /* Resources */,
			);
			buildRules = (
			);
			dependencies = (
			);
			name = WhatIsTodaysMenu;
			productName = PersonalPojectExample;
			productReference = DD927C7829B0993200467EE9 /* WhatIsTodaysMenu.app */;
			productType = "com.apple.product-type.application";
		};
/* End PBXNativeTarget section */

/* Begin PBXProject section */
		DD927C7029B0993200467EE9 /* Project object */ = {
			isa = PBXProject;
			attributes = {
				BuildIndependentTargetsInParallel = 1;
				LastSwiftUpdateCheck = 1420;
				LastUpgradeCheck = 1420;
				TargetAttributes = {
					DD927C7729B0993200467EE9 = {
						CreatedOnToolsVersion = 14.2;
					};
				};
			};
			buildConfigurationList = DD927C7329B0993200467EE9 /* Build configuration list for PBXProject "WhatIsTodaysMenu" */;
			compatibilityVersion = "Xcode 14.0";
			developmentRegion = en;
			hasScannedForEncodings = 0;
			knownRegions = (
				en,
				Base,
			);
			mainGroup = DD927C6F29B0993200467EE9;
			productRefGroup = DD927C7929B0993200467EE9 /* Products */;
			projectDirPath = "";
			projectRoot = "";
			targets = (
				DD927C7729B0993200467EE9 /* WhatIsTodaysMenu */,
			);
		};
/* End PBXProject section */

/* Begin PBXResourcesBuildPhase section */
		DD927C7629B0993200467EE9 /* Resources */ = {
			isa = PBXResourcesBuildPhase;
			buildActionMask = 2147483647;
			files = (
				DDE527AF2A88B92800A3A4C7 /* .swiftlint.yml in Resources */,
				DD927C8829B0993400467EE9 /* LaunchScreen.storyboard in Resources */,
				DD927C8529B0993400467EE9 /* Assets.xcassets in Resources */,
				DD927C8329B0993200467EE9 /* Main.storyboard in Resources */,
			);
			runOnlyForDeploymentPostprocessing = 0;
		};
/* End PBXResourcesBuildPhase section */

/* Begin PBXShellScriptBuildPhase section */
		D7176B7406EA93C6FB6F5E99 /* [CP] Check Pods Manifest.lock */ = {
			isa = PBXShellScriptBuildPhase;
			buildActionMask = 2147483647;
			files = (
			);
			inputFileListPaths = (
			);
			inputPaths = (
				"${PODS_PODFILE_DIR_PATH}/Podfile.lock",
				"${PODS_ROOT}/Manifest.lock",
			);
			name = "[CP] Check Pods Manifest.lock";
			outputFileListPaths = (
			);
			outputPaths = (
				"$(DERIVED_FILE_DIR)/Pods-WhatIsTodaysMenu-checkManifestLockResult.txt",
			);
			runOnlyForDeploymentPostprocessing = 0;
			shellPath = /bin/sh;
			shellScript = "diff \"${PODS_PODFILE_DIR_PATH}/Podfile.lock\" \"${PODS_ROOT}/Manifest.lock\" > /dev/null\nif [ $? != 0 ] ; then\n    # print error to STDERR\n    echo \"error: The sandbox is not in sync with the Podfile.lock. Run 'pod install' or update your CocoaPods installation.\" >&2\n    exit 1\nfi\n# This output is used by Xcode 'outputs' to avoid re-running this script phase.\necho \"SUCCESS\" > \"${SCRIPT_OUTPUT_FILE_0}\"\n";
			showEnvVarsInLog = 0;
		};
		DD4F9AAE2A88B65A00A2404B /* SwiftLint Script */ = {
			isa = PBXShellScriptBuildPhase;
			buildActionMask = 2147483647;
			files = (
			);
			inputFileListPaths = (
			);
			inputPaths = (
			);
			name = "SwiftLint Script";
			outputFileListPaths = (
			);
			outputPaths = (
			);
			runOnlyForDeploymentPostprocessing = 0;
			shellPath = /bin/sh;
			shellScript = "\"${PODS_ROOT}/SwiftLint/swiftlint\"\nif which swiftlint >/dev/null; then\n  swiftlint\nelse\n  echo \"warning: SwiftLint not installed, download from https://github.com/realm/SwiftLint\"\nfi\n";
		};
/* End PBXShellScriptBuildPhase section */

/* Begin PBXSourcesBuildPhase section */
		DD927C7429B0993200467EE9 /* Sources */ = {
			isa = PBXSourcesBuildPhase;
			buildActionMask = 2147483647;
			files = (
				DD927C7C29B0993200467EE9 /* AppDelegate.swift in Sources */,
				DD37543F2A131E94001C414D /* FoodChooseViewController.swift in Sources */,
				DD6F1CE529BB0FAD00CDAD54 /* FoodListViewController.swift in Sources */,
				DD0DB85A29CAFB6A00072878 /* FoodListFirstTableViewCell.swift in Sources */,
				DDE1DEAA29EFF83800F3D737 /* CategoryHeaderCollectionReusableView.swift in Sources */,
				DD2951EE29D5A54F000830D9 /* CoreDataManager.swift in Sources */,
				DD927C7E29B0993200467EE9 /* SceneDelegate.swift in Sources */,
				DDE1DEEE29F65BEF00F3D737 /* FoodsCollectionViewCell.swift in Sources */,
				DDA21C1E29E5810800EE1B9C /* FoodRecommendationListDescriptionTableViewCell.swift in Sources */,
				DD9C789C29E5674100CADBC9 /* MakeFoodRecommendationListTableViewController.swift in Sources */,
				DDACC2092A0CDE5A009F21EC /* FavoriteFoodCollectionViewCell.swift in Sources */,
				DDACC20B2A0D121F009F21EC /* HashTagCollectionViewCell.swift in Sources */,
				DD6F1CDD29BB05FB00CDAD54 /* NumberOfPeople.swift in Sources */,
				DD6F1CE129BB063200CDAD54 /* Food.swift in Sources */,
				DDC4A09429BF51AA00E5C973 /* MainTabBarController.swift in Sources */,
				DD9C789E29E56C0400CADBC9 /* FoodRecommendationListMainTableViewCell.swift in Sources */,
				DDF4AD282A209C4400BCA3BB /* RandomFoodsCollectionViewCell.swift in Sources */,
				DD6F1CDB29BB055800CDAD54 /* Country.swift in Sources */,
				DDE1DEA829EFF5A700F3D737 /* CategoryCollectionViewCell.swift in Sources */,
				DDA21C1C29E57CA300EE1B9C /* FoodRecommendationListFoodTableViewCell.swift in Sources */,
				DDF458FD29B8B89900F3A29E /* FoodRecommendationList.swift in Sources */,
				DD6F1CDF29BB061300CDAD54 /* Category.swift in Sources */,
				DDE1DEF029F65C7D00F3D737 /* FoodsViewController.swift in Sources */,
				DD2951EC29D5A520000830D9 /* WhatIsTodaysMenu.xcdatamodeld in Sources */,
				DD3754412A131ECC001C414D /* FoodChooseCollectionViewCell.swift in Sources */,
				DDC4A08F29BF381000E5C973 /* MenuRecommendationViewController.swift in Sources */,
				DD6F1CE329BB0E6E00CDAD54 /* MainViewController.swift in Sources */,
			);
			runOnlyForDeploymentPostprocessing = 0;
		};
/* End PBXSourcesBuildPhase section */

/* Begin PBXVariantGroup section */
		DD927C8129B0993200467EE9 /* Main.storyboard */ = {
			isa = PBXVariantGroup;
			children = (
				DD927C8229B0993200467EE9 /* Base */,
			);
			name = Main.storyboard;
			sourceTree = "<group>";
		};
		DD927C8629B0993400467EE9 /* LaunchScreen.storyboard */ = {
			isa = PBXVariantGroup;
			children = (
				DD927C8729B0993400467EE9 /* Base */,
			);
			name = LaunchScreen.storyboard;
			sourceTree = "<group>";
		};
/* End PBXVariantGroup section */

/* Begin XCBuildConfiguration section */
		DD927C8A29B0993400467EE9 /* Debug */ = {
			isa = XCBuildConfiguration;
			buildSettings = {
				ALWAYS_SEARCH_USER_PATHS = NO;
				CLANG_ANALYZER_NONNULL = YES;
				CLANG_ANALYZER_NUMBER_OBJECT_CONVERSION = YES_AGGRESSIVE;
				CLANG_CXX_LANGUAGE_STANDARD = "gnu++20";
				CLANG_ENABLE_MODULES = YES;
				CLANG_ENABLE_OBJC_ARC = YES;
				CLANG_ENABLE_OBJC_WEAK = YES;
				CLANG_WARN_BLOCK_CAPTURE_AUTORELEASING = YES;
				CLANG_WARN_BOOL_CONVERSION = YES;
				CLANG_WARN_COMMA = YES;
				CLANG_WARN_CONSTANT_CONVERSION = YES;
				CLANG_WARN_DEPRECATED_OBJC_IMPLEMENTATIONS = YES;
				CLANG_WARN_DIRECT_OBJC_ISA_USAGE = YES_ERROR;
				CLANG_WARN_DOCUMENTATION_COMMENTS = YES;
				CLANG_WARN_EMPTY_BODY = YES;
				CLANG_WARN_ENUM_CONVERSION = YES;
				CLANG_WARN_INFINITE_RECURSION = YES;
				CLANG_WARN_INT_CONVERSION = YES;
				CLANG_WARN_NON_LITERAL_NULL_CONVERSION = YES;
				CLANG_WARN_OBJC_IMPLICIT_RETAIN_SELF = YES;
				CLANG_WARN_OBJC_LITERAL_CONVERSION = YES;
				CLANG_WARN_OBJC_ROOT_CLASS = YES_ERROR;
				CLANG_WARN_QUOTED_INCLUDE_IN_FRAMEWORK_HEADER = YES;
				CLANG_WARN_RANGE_LOOP_ANALYSIS = YES;
				CLANG_WARN_STRICT_PROTOTYPES = YES;
				CLANG_WARN_SUSPICIOUS_MOVE = YES;
				CLANG_WARN_UNGUARDED_AVAILABILITY = YES_AGGRESSIVE;
				CLANG_WARN_UNREACHABLE_CODE = YES;
				CLANG_WARN__DUPLICATE_METHOD_MATCH = YES;
				COPY_PHASE_STRIP = NO;
				DEBUG_INFORMATION_FORMAT = dwarf;
				ENABLE_STRICT_OBJC_MSGSEND = YES;
				ENABLE_TESTABILITY = YES;
				GCC_C_LANGUAGE_STANDARD = gnu11;
				GCC_DYNAMIC_NO_PIC = NO;
				GCC_NO_COMMON_BLOCKS = YES;
				GCC_OPTIMIZATION_LEVEL = 0;
				GCC_PREPROCESSOR_DEFINITIONS = (
					"DEBUG=1",
					"$(inherited)",
				);
				GCC_WARN_64_TO_32_BIT_CONVERSION = YES;
				GCC_WARN_ABOUT_RETURN_TYPE = YES_ERROR;
				GCC_WARN_UNDECLARED_SELECTOR = YES;
				GCC_WARN_UNINITIALIZED_AUTOS = YES_AGGRESSIVE;
				GCC_WARN_UNUSED_FUNCTION = YES;
				GCC_WARN_UNUSED_VARIABLE = YES;
				IPHONEOS_DEPLOYMENT_TARGET = 16.2;
				MTL_ENABLE_DEBUG_INFO = INCLUDE_SOURCE;
				MTL_FAST_MATH = YES;
				ONLY_ACTIVE_ARCH = YES;
				SDKROOT = iphoneos;
				SWIFT_ACTIVE_COMPILATION_CONDITIONS = DEBUG;
				SWIFT_OPTIMIZATION_LEVEL = "-Onone";
			};
			name = Debug;
		};
		DD927C8B29B0993400467EE9 /* Release */ = {
			isa = XCBuildConfiguration;
			buildSettings = {
				ALWAYS_SEARCH_USER_PATHS = NO;
				CLANG_ANALYZER_NONNULL = YES;
				CLANG_ANALYZER_NUMBER_OBJECT_CONVERSION = YES_AGGRESSIVE;
				CLANG_CXX_LANGUAGE_STANDARD = "gnu++20";
				CLANG_ENABLE_MODULES = YES;
				CLANG_ENABLE_OBJC_ARC = YES;
				CLANG_ENABLE_OBJC_WEAK = YES;
				CLANG_WARN_BLOCK_CAPTURE_AUTORELEASING = YES;
				CLANG_WARN_BOOL_CONVERSION = YES;
				CLANG_WARN_COMMA = YES;
				CLANG_WARN_CONSTANT_CONVERSION = YES;
				CLANG_WARN_DEPRECATED_OBJC_IMPLEMENTATIONS = YES;
				CLANG_WARN_DIRECT_OBJC_ISA_USAGE = YES_ERROR;
				CLANG_WARN_DOCUMENTATION_COMMENTS = YES;
				CLANG_WARN_EMPTY_BODY = YES;
				CLANG_WARN_ENUM_CONVERSION = YES;
				CLANG_WARN_INFINITE_RECURSION = YES;
				CLANG_WARN_INT_CONVERSION = YES;
				CLANG_WARN_NON_LITERAL_NULL_CONVERSION = YES;
				CLANG_WARN_OBJC_IMPLICIT_RETAIN_SELF = YES;
				CLANG_WARN_OBJC_LITERAL_CONVERSION = YES;
				CLANG_WARN_OBJC_ROOT_CLASS = YES_ERROR;
				CLANG_WARN_QUOTED_INCLUDE_IN_FRAMEWORK_HEADER = YES;
				CLANG_WARN_RANGE_LOOP_ANALYSIS = YES;
				CLANG_WARN_STRICT_PROTOTYPES = YES;
				CLANG_WARN_SUSPICIOUS_MOVE = YES;
				CLANG_WARN_UNGUARDED_AVAILABILITY = YES_AGGRESSIVE;
				CLANG_WARN_UNREACHABLE_CODE = YES;
				CLANG_WARN__DUPLICATE_METHOD_MATCH = YES;
				COPY_PHASE_STRIP = NO;
				DEBUG_INFORMATION_FORMAT = "dwarf-with-dsym";
				ENABLE_NS_ASSERTIONS = NO;
				ENABLE_STRICT_OBJC_MSGSEND = YES;
				GCC_C_LANGUAGE_STANDARD = gnu11;
				GCC_NO_COMMON_BLOCKS = YES;
				GCC_WARN_64_TO_32_BIT_CONVERSION = YES;
				GCC_WARN_ABOUT_RETURN_TYPE = YES_ERROR;
				GCC_WARN_UNDECLARED_SELECTOR = YES;
				GCC_WARN_UNINITIALIZED_AUTOS = YES_AGGRESSIVE;
				GCC_WARN_UNUSED_FUNCTION = YES;
				GCC_WARN_UNUSED_VARIABLE = YES;
				IPHONEOS_DEPLOYMENT_TARGET = 16.2;
				MTL_ENABLE_DEBUG_INFO = NO;
				MTL_FAST_MATH = YES;
				SDKROOT = iphoneos;
				SWIFT_COMPILATION_MODE = wholemodule;
				SWIFT_OPTIMIZATION_LEVEL = "-O";
				VALIDATE_PRODUCT = YES;
			};
			name = Release;
		};
		DD927C8D29B0993400467EE9 /* Debug */ = {
			isa = XCBuildConfiguration;
			baseConfigurationReference = 2BCF7BA32CA6769F7B118A32 /* Pods-WhatIsTodaysMenu.debug.xcconfig */;
			buildSettings = {
				ASSETCATALOG_COMPILER_APPICON_NAME = AppIcon;
				ASSETCATALOG_COMPILER_GLOBAL_ACCENT_COLOR_NAME = AccentColor;
				CODE_SIGN_STYLE = Automatic;
				CURRENT_PROJECT_VERSION = 1;
				DEVELOPMENT_TEAM = F945448FS3;
				GENERATE_INFOPLIST_FILE = YES;
				INFOPLIST_FILE = WhatIsTodaysMenu/Info.plist;
				INFOPLIST_KEY_CFBundleDisplayName = "오늘의 메뉴는?";
				INFOPLIST_KEY_LSApplicationCategoryType = "public.app-category.food-and-drink";
				INFOPLIST_KEY_UIApplicationSupportsIndirectInputEvents = YES;
				INFOPLIST_KEY_UILaunchStoryboardName = LaunchScreen;
				INFOPLIST_KEY_UIMainStoryboardFile = Main;
				INFOPLIST_KEY_UIStatusBarStyle = "";
				INFOPLIST_KEY_UISupportedInterfaceOrientations = UIInterfaceOrientationPortrait;
				INFOPLIST_KEY_UISupportedInterfaceOrientations_iPad = "UIInterfaceOrientationLandscapeLeft UIInterfaceOrientationLandscapeRight UIInterfaceOrientationPortrait UIInterfaceOrientationPortraitUpsideDown";
				IPHONEOS_DEPLOYMENT_TARGET = 15.0;
				LD_RUNPATH_SEARCH_PATHS = (
					"$(inherited)",
					"@executable_path/Frameworks",
				);
				MARKETING_VERSION = 1.0.0;
				PRODUCT_BUNDLE_IDENTIFIER = com.sihoonkim.whatistodaysmenu;
				PRODUCT_NAME = "$(TARGET_NAME)";
				SUPPORTED_PLATFORMS = "iphoneos iphonesimulator";
				SUPPORTS_MACCATALYST = NO;
				SUPPORTS_MAC_DESIGNED_FOR_IPHONE_IPAD = YES;
				SWIFT_EMIT_LOC_STRINGS = YES;
				SWIFT_VERSION = 5.0;
				TARGETED_DEVICE_FAMILY = "1,2";
			};
			name = Debug;
		};
		DD927C8E29B0993400467EE9 /* Release */ = {
			isa = XCBuildConfiguration;
			baseConfigurationReference = A190CCA3CD021817B3102FD9 /* Pods-WhatIsTodaysMenu.release.xcconfig */;
			buildSettings = {
				ASSETCATALOG_COMPILER_APPICON_NAME = AppIcon;
				ASSETCATALOG_COMPILER_GLOBAL_ACCENT_COLOR_NAME = AccentColor;
				CODE_SIGN_STYLE = Automatic;
				CURRENT_PROJECT_VERSION = 1;
				DEVELOPMENT_TEAM = F945448FS3;
				GENERATE_INFOPLIST_FILE = YES;
				INFOPLIST_FILE = WhatIsTodaysMenu/Info.plist;
				INFOPLIST_KEY_CFBundleDisplayName = "오늘의 메뉴는?";
				INFOPLIST_KEY_LSApplicationCategoryType = "public.app-category.food-and-drink";
				INFOPLIST_KEY_UIApplicationSupportsIndirectInputEvents = YES;
				INFOPLIST_KEY_UILaunchStoryboardName = LaunchScreen;
				INFOPLIST_KEY_UIMainStoryboardFile = Main;
				INFOPLIST_KEY_UIStatusBarStyle = "";
				INFOPLIST_KEY_UISupportedInterfaceOrientations = UIInterfaceOrientationPortrait;
				INFOPLIST_KEY_UISupportedInterfaceOrientations_iPad = "UIInterfaceOrientationLandscapeLeft UIInterfaceOrientationLandscapeRight UIInterfaceOrientationPortrait UIInterfaceOrientationPortraitUpsideDown";
				IPHONEOS_DEPLOYMENT_TARGET = 15.0;
				LD_RUNPATH_SEARCH_PATHS = (
					"$(inherited)",
					"@executable_path/Frameworks",
				);
				MARKETING_VERSION = 1.0.0;
				PRODUCT_BUNDLE_IDENTIFIER = com.sihoonkim.whatistodaysmenu;
				PRODUCT_NAME = "$(TARGET_NAME)";
				SUPPORTED_PLATFORMS = "iphoneos iphonesimulator";
				SUPPORTS_MACCATALYST = NO;
				SUPPORTS_MAC_DESIGNED_FOR_IPHONE_IPAD = YES;
				SWIFT_EMIT_LOC_STRINGS = YES;
				SWIFT_VERSION = 5.0;
				TARGETED_DEVICE_FAMILY = "1,2";
			};
			name = Release;
		};
/* End XCBuildConfiguration section */

/* Begin XCConfigurationList section */
		DD927C7329B0993200467EE9 /* Build configuration list for PBXProject "WhatIsTodaysMenu" */ = {
			isa = XCConfigurationList;
			buildConfigurations = (
				DD927C8A29B0993400467EE9 /* Debug */,
				DD927C8B29B0993400467EE9 /* Release */,
			);
			defaultConfigurationIsVisible = 0;
			defaultConfigurationName = Release;
		};
		DD927C8C29B0993400467EE9 /* Build configuration list for PBXNativeTarget "WhatIsTodaysMenu" */ = {
			isa = XCConfigurationList;
			buildConfigurations = (
				DD927C8D29B0993400467EE9 /* Debug */,
				DD927C8E29B0993400467EE9 /* Release */,
			);
			defaultConfigurationIsVisible = 0;
			defaultConfigurationName = Release;
		};
/* End XCConfigurationList section */

/* Begin XCVersionGroup section */
		DD2951EA29D5A520000830D9 /* WhatIsTodaysMenu.xcdatamodeld */ = {
			isa = XCVersionGroup;
			children = (
				DD2951EB29D5A520000830D9 /* FoodList.xcdatamodel */,
			);
			currentVersion = DD2951EB29D5A520000830D9 /* FoodList.xcdatamodel */;
			path = WhatIsTodaysMenu.xcdatamodeld;
			sourceTree = "<group>";
			versionGroupType = wrapper.xcdatamodel;
		};
/* End XCVersionGroup section */
	};
	rootObject = DD927C7029B0993200467EE9 /* Project object */;
}
